// !$*UTF8*$!
{
	archiveVersion = 1;
	classes = {
	};
	objectVersion = 55;
	objects = {

/* Begin PBXBuildFile section */
		3E14F9C426BB3620009ECD69 /* c_api_connector.cpp in Sources */ = {isa = PBXBuildFile; fileRef = 3E14F9C226BB3620009ECD69 /* c_api_connector.cpp */; };
		3E14F9C926BB364A009ECD69 /* c_api_storage.cpp in Sources */ = {isa = PBXBuildFile; fileRef = 3E14F9C826BB3649009ECD69 /* c_api_storage.cpp */; };
		3E14F9D526BB38BB009ECD69 /* SwiftySyncNative.swift in Sources */ = {isa = PBXBuildFile; fileRef = 3E14F9D426BB38BB009ECD69 /* SwiftySyncNative.swift */; };
		3E14F9D726BB4C30009ECD69 /* SwiftySyncUniversalClient.cpp in Sources */ = {isa = PBXBuildFile; fileRef = 3E14F9D626BB4C30009ECD69 /* SwiftySyncUniversalClient.cpp */; };
		3E14F9D926BB4C4E009ECD69 /* SwiftySyncStorage.cpp in Sources */ = {isa = PBXBuildFile; fileRef = 3E14F9D826BB4C4E009ECD69 /* SwiftySyncStorage.cpp */; };
		3E14F9DD26BB4C69009ECD69 /* Request.cpp in Sources */ = {isa = PBXBuildFile; fileRef = 3E14F9DA26BB4C68009ECD69 /* Request.cpp */; };
		3E14F9DE26BB4C69009ECD69 /* Data.cpp in Sources */ = {isa = PBXBuildFile; fileRef = 3E14F9DB26BB4C68009ECD69 /* Data.cpp */; };
		3E14F9DF26BB4C69009ECD69 /* UUID.cpp in Sources */ = {isa = PBXBuildFile; fileRef = 3E14F9DC26BB4C69009ECD69 /* UUID.cpp */; };
		3E14F9E226BB4C7F009ECD69 /* GoogleAuthorization.cpp in Sources */ = {isa = PBXBuildFile; fileRef = 3E14F9E026BB4C7F009ECD69 /* GoogleAuthorization.cpp */; };
		3E14F9E326BB4C7F009ECD69 /* FacebookAuthorization.cpp in Sources */ = {isa = PBXBuildFile; fileRef = 3E14F9E126BB4C7F009ECD69 /* FacebookAuthorization.cpp */; };
		3E14F9E526BB4C9D009ECD69 /* JSON.cpp in Sources */ = {isa = PBXBuildFile; fileRef = 3E14F9E426BB4C9D009ECD69 /* JSON.cpp */; };
		3E14F9E726BB4CE3009ECD69 /* c_api_storage_helper.cpp in Sources */ = {isa = PBXBuildFile; fileRef = 3E14F9E626BB4CE3009ECD69 /* c_api_storage_helper.cpp */; };
		3EEC26A426AC9AA20035C489 /* libcrypto.a in Frameworks */ = {isa = PBXBuildFile; fileRef = 3EEC269126AC9AA20035C489 /* libcrypto.a */; };
		3EEC26AD26AC9AA20035C489 /* libssl.a in Frameworks */ = {isa = PBXBuildFile; fileRef = 3EEC269A26AC9AA20035C489 /* libssl.a */; };
/* End PBXBuildFile section */

/* Begin PBXCopyFilesBuildPhase section */
		3EEC268026AC98BC0035C489 /* CopyFiles */ = {
			isa = PBXCopyFilesBuildPhase;
			buildActionMask = 2147483647;
			dstPath = /usr/share/man/man1/;
			dstSubfolderSpec = 0;
			files = (
			);
			runOnlyForDeploymentPostprocessing = 1;
		};
/* End PBXCopyFilesBuildPhase section */

/* Begin PBXFileReference section */
		3E14F9C126BB3620009ECD69 /* SwiftySyncUniversalClient.hpp */ = {isa = PBXFileReference; fileEncoding = 4; lastKnownFileType = sourcecode.cpp.h; path = SwiftySyncUniversalClient.hpp; sourceTree = "<group>"; };
		3E14F9C226BB3620009ECD69 /* c_api_connector.cpp */ = {isa = PBXFileReference; fileEncoding = 4; lastKnownFileType = sourcecode.cpp.cpp; path = c_api_connector.cpp; sourceTree = "<group>"; };
		3E14F9C326BB3620009ECD69 /* c_api_connector.h */ = {isa = PBXFileReference; fileEncoding = 4; lastKnownFileType = sourcecode.c.h; path = c_api_connector.h; sourceTree = "<group>"; };
		3E14F9C526BB3649009ECD69 /* c_api_storage.h */ = {isa = PBXFileReference; fileEncoding = 4; lastKnownFileType = sourcecode.c.h; name = c_api_storage.h; path = SwiftySyncStorage/c_api_storage.h; sourceTree = "<group>"; };
		3E14F9C626BB3649009ECD69 /* c_api_storage_helper.hpp */ = {isa = PBXFileReference; fileEncoding = 4; lastKnownFileType = sourcecode.cpp.h; name = c_api_storage_helper.hpp; path = SwiftySyncStorage/c_api_storage_helper.hpp; sourceTree = "<group>"; };
		3E14F9C726BB3649009ECD69 /* SwiftySyncStorage.hpp */ = {isa = PBXFileReference; fileEncoding = 4; lastKnownFileType = sourcecode.cpp.h; name = SwiftySyncStorage.hpp; path = SwiftySyncStorage/SwiftySyncStorage.hpp; sourceTree = "<group>"; };
		3E14F9C826BB3649009ECD69 /* c_api_storage.cpp */ = {isa = PBXFileReference; fileEncoding = 4; lastKnownFileType = sourcecode.cpp.cpp; name = c_api_storage.cpp; path = SwiftySyncStorage/c_api_storage.cpp; sourceTree = "<group>"; };
		3E14F9CA26BB3664009ECD69 /* Authorization.hpp */ = {isa = PBXFileReference; fileEncoding = 4; lastKnownFileType = sourcecode.cpp.h; name = Authorization.hpp; path = SwiftySyncAuthorization/Authorization.hpp; sourceTree = "<group>"; };
		3E14F9CB26BB3664009ECD69 /* FacebookAuthorization.hpp */ = {isa = PBXFileReference; fileEncoding = 4; lastKnownFileType = sourcecode.cpp.h; name = FacebookAuthorization.hpp; path = SwiftySyncAuthorization/FacebookAuthorization.hpp; sourceTree = "<group>"; };
		3E14F9CC26BB3664009ECD69 /* GoogleAuthorization.hpp */ = {isa = PBXFileReference; fileEncoding = 4; lastKnownFileType = sourcecode.cpp.h; name = GoogleAuthorization.hpp; path = SwiftySyncAuthorization/GoogleAuthorization.hpp; sourceTree = "<group>"; };
		3E14F9CD26BB3679009ECD69 /* Functions.hpp */ = {isa = PBXFileReference; fileEncoding = 4; lastKnownFileType = sourcecode.cpp.h; name = Functions.hpp; path = SwiftySyncCommon/Functions.hpp; sourceTree = "<group>"; };
		3E14F9CE26BB3679009ECD69 /* UUID.hpp */ = {isa = PBXFileReference; fileEncoding = 4; lastKnownFileType = sourcecode.cpp.h; name = UUID.hpp; path = SwiftySyncCommon/UUID.hpp; sourceTree = "<group>"; };
		3E14F9CF26BB367A009ECD69 /* Request.hpp */ = {isa = PBXFileReference; fileEncoding = 4; lastKnownFileType = sourcecode.cpp.h; name = Request.hpp; path = SwiftySyncCommon/Request.hpp; sourceTree = "<group>"; };
		3E14F9D026BB367A009ECD69 /* Data.hpp */ = {isa = PBXFileReference; fileEncoding = 4; lastKnownFileType = sourcecode.cpp.h; name = Data.hpp; path = SwiftySyncCommon/Data.hpp; sourceTree = "<group>"; };
		3E14F9D126BB3695009ECD69 /* Codable.hpp */ = {isa = PBXFileReference; fileEncoding = 4; lastKnownFileType = sourcecode.cpp.h; name = Codable.hpp; path = SwiftySyncCommon/CodablePP/Codable.hpp; sourceTree = "<group>"; };
		3E14F9D226BB3695009ECD69 /* JSON.hpp */ = {isa = PBXFileReference; fileEncoding = 4; lastKnownFileType = sourcecode.cpp.h; name = JSON.hpp; path = SwiftySyncCommon/CodablePP/JSON.hpp; sourceTree = "<group>"; };
		3E14F9D326BB38BA009ECD69 /* SwiftySyncUniversalClient-Bridging-Header.h */ = {isa = PBXFileReference; lastKnownFileType = sourcecode.c.h; path = "SwiftySyncUniversalClient-Bridging-Header.h"; sourceTree = "<group>"; };
		3E14F9D426BB38BB009ECD69 /* SwiftySyncNative.swift */ = {isa = PBXFileReference; lastKnownFileType = sourcecode.swift; path = SwiftySyncNative.swift; sourceTree = "<group>"; };
		3E14F9D626BB4C30009ECD69 /* SwiftySyncUniversalClient.cpp */ = {isa = PBXFileReference; fileEncoding = 4; lastKnownFileType = sourcecode.cpp.cpp; path = SwiftySyncUniversalClient.cpp; sourceTree = "<group>"; };
		3E14F9D826BB4C4E009ECD69 /* SwiftySyncStorage.cpp */ = {isa = PBXFileReference; fileEncoding = 4; lastKnownFileType = sourcecode.cpp.cpp; name = SwiftySyncStorage.cpp; path = SwiftySyncStorage/SwiftySyncStorage.cpp; sourceTree = "<group>"; };
		3E14F9DA26BB4C68009ECD69 /* Request.cpp */ = {isa = PBXFileReference; fileEncoding = 4; lastKnownFileType = sourcecode.cpp.cpp; name = Request.cpp; path = SwiftySyncCommon/Request.cpp; sourceTree = "<group>"; };
		3E14F9DB26BB4C68009ECD69 /* Data.cpp */ = {isa = PBXFileReference; fileEncoding = 4; lastKnownFileType = sourcecode.cpp.cpp; name = Data.cpp; path = SwiftySyncCommon/Data.cpp; sourceTree = "<group>"; };
		3E14F9DC26BB4C69009ECD69 /* UUID.cpp */ = {isa = PBXFileReference; fileEncoding = 4; lastKnownFileType = sourcecode.cpp.cpp; name = UUID.cpp; path = SwiftySyncCommon/UUID.cpp; sourceTree = "<group>"; };
		3E14F9E026BB4C7F009ECD69 /* GoogleAuthorization.cpp */ = {isa = PBXFileReference; fileEncoding = 4; lastKnownFileType = sourcecode.cpp.cpp; name = GoogleAuthorization.cpp; path = SwiftySyncAuthorization/GoogleAuthorization.cpp; sourceTree = "<group>"; };
		3E14F9E126BB4C7F009ECD69 /* FacebookAuthorization.cpp */ = {isa = PBXFileReference; fileEncoding = 4; lastKnownFileType = sourcecode.cpp.cpp; name = FacebookAuthorization.cpp; path = SwiftySyncAuthorization/FacebookAuthorization.cpp; sourceTree = "<group>"; };
		3E14F9E426BB4C9D009ECD69 /* JSON.cpp */ = {isa = PBXFileReference; fileEncoding = 4; lastKnownFileType = sourcecode.cpp.cpp; name = JSON.cpp; path = SwiftySyncCommon/CodablePP/JSON.cpp; sourceTree = "<group>"; };
		3E14F9E626BB4CE3009ECD69 /* c_api_storage_helper.cpp */ = {isa = PBXFileReference; fileEncoding = 4; lastKnownFileType = sourcecode.cpp.cpp; name = c_api_storage_helper.cpp; path = SwiftySyncStorage/c_api_storage_helper.cpp; sourceTree = "<group>"; };
		3EEC268226AC98BC0035C489 /* SwiftySyncUniversalClient */ = {isa = PBXFileReference; explicitFileType = "compiled.mach-o.executable"; includeInIndex = 0; path = SwiftySyncUniversalClient; sourceTree = BUILT_PRODUCTS_DIR; };
		3EEC268D26AC990A0035C489 /* Usage.h */ = {isa = PBXFileReference; fileEncoding = 4; lastKnownFileType = sourcecode.c.h; path = Usage.h; sourceTree = "<group>"; };
		3EEC269126AC9AA20035C489 /* libcrypto.a */ = {isa = PBXFileReference; lastKnownFileType = archive.ar; name = libcrypto.a; path = "vcpkg_installed/x64-osx/lib/libcrypto.a"; sourceTree = "<group>"; };
		3EEC269A26AC9AA20035C489 /* libssl.a */ = {isa = PBXFileReference; lastKnownFileType = archive.ar; name = libssl.a; path = "vcpkg_installed/x64-osx/lib/libssl.a"; sourceTree = "<group>"; };
/* End PBXFileReference section */

/* Begin PBXFrameworksBuildPhase section */
		3EEC267F26AC98BC0035C489 /* Frameworks */ = {
			isa = PBXFrameworksBuildPhase;
			buildActionMask = 2147483647;
			files = (
				3EEC26A426AC9AA20035C489 /* libcrypto.a in Frameworks */,
				3EEC26AD26AC9AA20035C489 /* libssl.a in Frameworks */,
			);
			runOnlyForDeploymentPostprocessing = 0;
		};
/* End PBXFrameworksBuildPhase section */

/* Begin PBXGroup section */
		3EEC267926AC98BC0035C489 = {
			isa = PBXGroup;
			children = (
				3E14F9E626BB4CE3009ECD69 /* c_api_storage_helper.cpp */,
				3E14F9E426BB4C9D009ECD69 /* JSON.cpp */,
				3E14F9E126BB4C7F009ECD69 /* FacebookAuthorization.cpp */,
				3E14F9E026BB4C7F009ECD69 /* GoogleAuthorization.cpp */,
				3E14F9DB26BB4C68009ECD69 /* Data.cpp */,
				3E14F9DA26BB4C68009ECD69 /* Request.cpp */,
				3E14F9DC26BB4C69009ECD69 /* UUID.cpp */,
				3E14F9D826BB4C4E009ECD69 /* SwiftySyncStorage.cpp */,
				3E14F9D626BB4C30009ECD69 /* SwiftySyncUniversalClient.cpp */,
				3E14F9D426BB38BB009ECD69 /* SwiftySyncNative.swift */,
				3E14F9D126BB3695009ECD69 /* Codable.hpp */,
				3E14F9D226BB3695009ECD69 /* JSON.hpp */,
				3E14F9D026BB367A009ECD69 /* Data.hpp */,
				3E14F9CD26BB3679009ECD69 /* Functions.hpp */,
				3E14F9CF26BB367A009ECD69 /* Request.hpp */,
				3E14F9CE26BB3679009ECD69 /* UUID.hpp */,
				3E14F9CA26BB3664009ECD69 /* Authorization.hpp */,
				3E14F9CB26BB3664009ECD69 /* FacebookAuthorization.hpp */,
				3E14F9CC26BB3664009ECD69 /* GoogleAuthorization.hpp */,
				3E14F9C626BB3649009ECD69 /* c_api_storage_helper.hpp */,
				3E14F9C826BB3649009ECD69 /* c_api_storage.cpp */,
				3E14F9C526BB3649009ECD69 /* c_api_storage.h */,
				3E14F9C726BB3649009ECD69 /* SwiftySyncStorage.hpp */,
				3E14F9C226BB3620009ECD69 /* c_api_connector.cpp */,
				3E14F9C326BB3620009ECD69 /* c_api_connector.h */,
				3E14F9C126BB3620009ECD69 /* SwiftySyncUniversalClient.hpp */,
				3EEC268D26AC990A0035C489 /* Usage.h */,
				3EEC268326AC98BC0035C489 /* Products */,
				3EEC269026AC9AA10035C489 /* Frameworks */,
				3E14F9D326BB38BA009ECD69 /* SwiftySyncUniversalClient-Bridging-Header.h */,
			);
			sourceTree = "<group>";
		};
		3EEC268326AC98BC0035C489 /* Products */ = {
			isa = PBXGroup;
			children = (
				3EEC268226AC98BC0035C489 /* SwiftySyncUniversalClient */,
			);
			name = Products;
			sourceTree = "<group>";
		};
		3EEC269026AC9AA10035C489 /* Frameworks */ = {
			isa = PBXGroup;
			children = (
				3EEC269126AC9AA20035C489 /* libcrypto.a */,
				3EEC269A26AC9AA20035C489 /* libssl.a */,
			);
			name = Frameworks;
			sourceTree = "<group>";
		};
/* End PBXGroup section */

/* Begin PBXNativeTarget section */
		3EEC268126AC98BC0035C489 /* SwiftySyncUniversalClient */ = {
			isa = PBXNativeTarget;
			buildConfigurationList = 3EEC268926AC98BC0035C489 /* Build configuration list for PBXNativeTarget "SwiftySyncUniversalClient" */;
			buildPhases = (
				3EEC267E26AC98BC0035C489 /* Sources */,
				3EEC267F26AC98BC0035C489 /* Frameworks */,
				3EEC268026AC98BC0035C489 /* CopyFiles */,
			);
			buildRules = (
			);
			dependencies = (
			);
			name = SwiftySyncUniversalClient;
			productName = SwiftySyncUniversalClient;
			productReference = 3EEC268226AC98BC0035C489 /* SwiftySyncUniversalClient */;
			productType = "com.apple.product-type.tool";
		};
/* End PBXNativeTarget section */

/* Begin PBXProject section */
		3EEC267A26AC98BC0035C489 /* Project object */ = {
			isa = PBXProject;
			attributes = {
				BuildIndependentTargetsInParallel = 1;
				LastUpgradeCheck = 1300;
				TargetAttributes = {
					3EEC268126AC98BC0035C489 = {
						CreatedOnToolsVersion = 13.0;
						LastSwiftMigration = 1300;
					};
				};
			};
			buildConfigurationList = 3EEC267D26AC98BC0035C489 /* Build configuration list for PBXProject "SwiftySyncUniversalClient" */;
			compatibilityVersion = "Xcode 13.0";
			developmentRegion = en;
			hasScannedForEncodings = 0;
			knownRegions = (
				en,
				Base,
			);
			mainGroup = 3EEC267926AC98BC0035C489;
			productRefGroup = 3EEC268326AC98BC0035C489 /* Products */;
			projectDirPath = "";
			projectRoot = "";
			targets = (
				3EEC268126AC98BC0035C489 /* SwiftySyncUniversalClient */,
			);
		};
/* End PBXProject section */

/* Begin PBXSourcesBuildPhase section */
		3EEC267E26AC98BC0035C489 /* Sources */ = {
			isa = PBXSourcesBuildPhase;
			buildActionMask = 2147483647;
			files = (
				3E14F9E726BB4CE3009ECD69 /* c_api_storage_helper.cpp in Sources */,
				3E14F9DF26BB4C69009ECD69 /* UUID.cpp in Sources */,
				3E14F9C926BB364A009ECD69 /* c_api_storage.cpp in Sources */,
				3E14F9D726BB4C30009ECD69 /* SwiftySyncUniversalClient.cpp in Sources */,
				3E14F9E526BB4C9D009ECD69 /* JSON.cpp in Sources */,
				3E14F9DE26BB4C69009ECD69 /* Data.cpp in Sources */,
				3E14F9C426BB3620009ECD69 /* c_api_connector.cpp in Sources */,
				3E14F9E326BB4C7F009ECD69 /* FacebookAuthorization.cpp in Sources */,
				3E14F9DD26BB4C69009ECD69 /* Request.cpp in Sources */,
				3E14F9D526BB38BB009ECD69 /* SwiftySyncNative.swift in Sources */,
				3E14F9D926BB4C4E009ECD69 /* SwiftySyncStorage.cpp in Sources */,
				3E14F9E226BB4C7F009ECD69 /* GoogleAuthorization.cpp in Sources */,
			);
			runOnlyForDeploymentPostprocessing = 0;
		};
/* End PBXSourcesBuildPhase section */

/* Begin XCBuildConfiguration section */
		3EEC268726AC98BC0035C489 /* Debug */ = {
			isa = XCBuildConfiguration;
			buildSettings = {
				ALWAYS_SEARCH_USER_PATHS = NO;
				CLANG_ANALYZER_NONNULL = YES;
				CLANG_ANALYZER_NUMBER_OBJECT_CONVERSION = YES_AGGRESSIVE;
				CLANG_CXX_LANGUAGE_STANDARD = "gnu++14";
				CLANG_CXX_LIBRARY = "libc++";
				CLANG_ENABLE_MODULES = YES;
				CLANG_ENABLE_OBJC_ARC = YES;
				CLANG_ENABLE_OBJC_WEAK = YES;
				CLANG_WARN_BLOCK_CAPTURE_AUTORELEASING = YES;
				CLANG_WARN_BOOL_CONVERSION = YES;
				CLANG_WARN_COMMA = YES;
				CLANG_WARN_CONSTANT_CONVERSION = YES;
				CLANG_WARN_DEPRECATED_OBJC_IMPLEMENTATIONS = YES;
				CLANG_WARN_DIRECT_OBJC_ISA_USAGE = YES_ERROR;
				CLANG_WARN_DOCUMENTATION_COMMENTS = YES;
				CLANG_WARN_EMPTY_BODY = YES;
				CLANG_WARN_ENUM_CONVERSION = YES;
				CLANG_WARN_INFINITE_RECURSION = YES;
				CLANG_WARN_INT_CONVERSION = YES;
				CLANG_WARN_NON_LITERAL_NULL_CONVERSION = YES;
				CLANG_WARN_OBJC_IMPLICIT_RETAIN_SELF = YES;
				CLANG_WARN_OBJC_LITERAL_CONVERSION = YES;
				CLANG_WARN_OBJC_ROOT_CLASS = YES_ERROR;
				CLANG_WARN_QUOTED_INCLUDE_IN_FRAMEWORK_HEADER = YES;
				CLANG_WARN_RANGE_LOOP_ANALYSIS = YES;
				CLANG_WARN_STRICT_PROTOTYPES = YES;
				CLANG_WARN_SUSPICIOUS_MOVE = YES;
				CLANG_WARN_UNGUARDED_AVAILABILITY = YES_AGGRESSIVE;
				CLANG_WARN_UNREACHABLE_CODE = YES;
				CLANG_WARN__DUPLICATE_METHOD_MATCH = YES;
				COPY_PHASE_STRIP = NO;
				DEBUG_INFORMATION_FORMAT = dwarf;
				ENABLE_STRICT_OBJC_MSGSEND = YES;
				ENABLE_TESTABILITY = YES;
				GCC_C_LANGUAGE_STANDARD = gnu11;
				GCC_DYNAMIC_NO_PIC = NO;
				GCC_NO_COMMON_BLOCKS = YES;
				GCC_OPTIMIZATION_LEVEL = 0;
				GCC_PREPROCESSOR_DEFINITIONS = (
					"DEBUG=1",
					"$(inherited)",
				);
				GCC_WARN_64_TO_32_BIT_CONVERSION = YES;
				GCC_WARN_ABOUT_RETURN_TYPE = YES_ERROR;
				GCC_WARN_UNDECLARED_SELECTOR = YES;
				GCC_WARN_UNINITIALIZED_AUTOS = YES_AGGRESSIVE;
				GCC_WARN_UNUSED_FUNCTION = YES;
				GCC_WARN_UNUSED_VARIABLE = YES;
				MACOSX_DEPLOYMENT_TARGET = 12.0;
				MTL_ENABLE_DEBUG_INFO = INCLUDE_SOURCE;
				MTL_FAST_MATH = YES;
				ONLY_ACTIVE_ARCH = YES;
				SDKROOT = macosx;
			};
			name = Debug;
		};
		3EEC268826AC98BC0035C489 /* Release */ = {
			isa = XCBuildConfiguration;
			buildSettings = {
				ALWAYS_SEARCH_USER_PATHS = NO;
				CLANG_ANALYZER_NONNULL = YES;
				CLANG_ANALYZER_NUMBER_OBJECT_CONVERSION = YES_AGGRESSIVE;
				CLANG_CXX_LANGUAGE_STANDARD = "gnu++14";
				CLANG_CXX_LIBRARY = "libc++";
				CLANG_ENABLE_MODULES = YES;
				CLANG_ENABLE_OBJC_ARC = YES;
				CLANG_ENABLE_OBJC_WEAK = YES;
				CLANG_WARN_BLOCK_CAPTURE_AUTORELEASING = YES;
				CLANG_WARN_BOOL_CONVERSION = YES;
				CLANG_WARN_COMMA = YES;
				CLANG_WARN_CONSTANT_CONVERSION = YES;
				CLANG_WARN_DEPRECATED_OBJC_IMPLEMENTATIONS = YES;
				CLANG_WARN_DIRECT_OBJC_ISA_USAGE = YES_ERROR;
				CLANG_WARN_DOCUMENTATION_COMMENTS = YES;
				CLANG_WARN_EMPTY_BODY = YES;
				CLANG_WARN_ENUM_CONVERSION = YES;
				CLANG_WARN_INFINITE_RECURSION = YES;
				CLANG_WARN_INT_CONVERSION = YES;
				CLANG_WARN_NON_LITERAL_NULL_CONVERSION = YES;
				CLANG_WARN_OBJC_IMPLICIT_RETAIN_SELF = YES;
				CLANG_WARN_OBJC_LITERAL_CONVERSION = YES;
				CLANG_WARN_OBJC_ROOT_CLASS = YES_ERROR;
				CLANG_WARN_QUOTED_INCLUDE_IN_FRAMEWORK_HEADER = YES;
				CLANG_WARN_RANGE_LOOP_ANALYSIS = YES;
				CLANG_WARN_STRICT_PROTOTYPES = YES;
				CLANG_WARN_SUSPICIOUS_MOVE = YES;
				CLANG_WARN_UNGUARDED_AVAILABILITY = YES_AGGRESSIVE;
				CLANG_WARN_UNREACHABLE_CODE = YES;
				CLANG_WARN__DUPLICATE_METHOD_MATCH = YES;
				COPY_PHASE_STRIP = NO;
				DEBUG_INFORMATION_FORMAT = "dwarf-with-dsym";
				ENABLE_NS_ASSERTIONS = NO;
				ENABLE_STRICT_OBJC_MSGSEND = YES;
				GCC_C_LANGUAGE_STANDARD = gnu11;
				GCC_NO_COMMON_BLOCKS = YES;
				GCC_WARN_64_TO_32_BIT_CONVERSION = YES;
				GCC_WARN_ABOUT_RETURN_TYPE = YES_ERROR;
				GCC_WARN_UNDECLARED_SELECTOR = YES;
				GCC_WARN_UNINITIALIZED_AUTOS = YES_AGGRESSIVE;
				GCC_WARN_UNUSED_FUNCTION = YES;
				GCC_WARN_UNUSED_VARIABLE = YES;
				MACOSX_DEPLOYMENT_TARGET = 12.0;
				MTL_ENABLE_DEBUG_INFO = NO;
				MTL_FAST_MATH = YES;
				SDKROOT = macosx;
			};
			name = Release;
		};
		3EEC268A26AC98BC0035C489 /* Debug */ = {
			isa = XCBuildConfiguration;
			buildSettings = {
				CLANG_ENABLE_MODULES = YES;
				CODE_SIGN_STYLE = Automatic;
				DEVELOPMENT_TEAM = S4TJY8UCM7;
				ENABLE_HARDENED_RUNTIME = YES;
				HEADER_SEARCH_PATHS = (
					"${SRCROOT}/SwiftySyncStorage/CodablePP",
					"${SRCROOT}/SwiftySyncStorage",
					"${SRCROOT}/SwiftySyncCommon/**",
					"${SRCROOT}/SwiftySyncAuthorization/cpp-httplib",
					"${SRCROOT}/SwiftySyncAuthorization",
					"${SRCROOT}/vcpkg_installed/x64-osx/include/**",
					"${SRCROOT}/websocketpp",
				);
				LD_RUNPATH_SEARCH_PATHS = (
					"$(inherited)",
					"@executable_path/../Frameworks",
					"@loader_path/../Frameworks",
				);
				LIBRARY_SEARCH_PATHS = (
					"${SRCROOT}/vcpkg_installed/x64-osx/lib/**",
					"$(PROJECT_DIR)/vcpkg_installed/x64-osx/lib",
				);
				PRODUCT_NAME = "$(TARGET_NAME)";
				SWIFT_OBJC_BRIDGING_HEADER = "SwiftySyncUniversalClient-Bridging-Header.h";
				SWIFT_OPTIMIZATION_LEVEL = "-Onone";
				SWIFT_VERSION = 5.0;
			};
			name = Debug;
		};
		3EEC268B26AC98BC0035C489 /* Release */ = {
			isa = XCBuildConfiguration;
			buildSettings = {
				CLANG_ENABLE_MODULES = YES;
				CODE_SIGN_STYLE = Automatic;
				DEVELOPMENT_TEAM = S4TJY8UCM7;
				ENABLE_HARDENED_RUNTIME = YES;
				HEADER_SEARCH_PATHS = (
					"${SRCROOT}/SwiftySyncStorage/CodablePP",
					"${SRCROOT}/SwiftySyncStorage",
					"${SRCROOT}/SwiftySyncCommon/**",
					"${SRCROOT}/SwiftySyncAuthorization/cpp-httplib",
					"${SRCROOT}/SwiftySyncAuthorization",
					"${SRCROOT}/vcpkg_installed/x64-osx/include/**",
					"${SRCROOT}/websocketpp",
				);
				LD_RUNPATH_SEARCH_PATHS = (
					"$(inherited)",
					"@executable_path/../Frameworks",
					"@loader_path/../Frameworks",
				);
				LIBRARY_SEARCH_PATHS = (
					"${SRCROOT}/vcpkg_installed/x64-osx/lib/**",
					"$(PROJECT_DIR)/vcpkg_installed/x64-osx/lib",
				);
				PRODUCT_NAME = "$(TARGET_NAME)";
				SWIFT_OBJC_BRIDGING_HEADER = "SwiftySyncUniversalClient-Bridging-Header.h";
				SWIFT_VERSION = 5.0;
			};
			name = Release;
		};
/* End XCBuildConfiguration section */

/* Begin XCConfigurationList section */
		3EEC267D26AC98BC0035C489 /* Build configuration list for PBXProject "SwiftySyncUniversalClient" */ = {
			isa = XCConfigurationList;
			buildConfigurations = (
				3EEC268726AC98BC0035C489 /* Debug */,
				3EEC268826AC98BC0035C489 /* Release */,
			);
			defaultConfigurationIsVisible = 0;
			defaultConfigurationName = Release;
		};
		3EEC268926AC98BC0035C489 /* Build configuration list for PBXNativeTarget "SwiftySyncUniversalClient" */ = {
			isa = XCConfigurationList;
			buildConfigurations = (
				3EEC268A26AC98BC0035C489 /* Debug */,
				3EEC268B26AC98BC0035C489 /* Release */,
			);
			defaultConfigurationIsVisible = 0;
			defaultConfigurationName = Release;
		};
/* End XCConfigurationList section */
	};
	rootObject = 3EEC267A26AC98BC0035C489 /* Project object */;
}
